
Microsoft Visual Studio Solution File, Format Version 12.00
# Visual Studio Version 16
VisualStudioVersion = 16.0.32602.291
MinimumVisualStudioVersion = 10.0.40219.1
Project("{FAE04EC0-301F-11D3-BF4B-00C04F79EFBC}") = "Nimap_Assignment1", "Nimap_Assignment1\Nimap_Assignment1.csproj", "{5ADC9CB8-B249-4C0E-8792-905C4A49BAAD}"
EndProject
Global
	GlobalSection(SolutionConfigurationPlatforms) = preSolution
		Debug|Any CPU = Debug|Any CPU
		Release|Any CPU = Release|Any CPU
	EndGlobalSection
	GlobalSection(ProjectConfigurationPlatforms) = postSolution
		{5ADC9CB8-B249-4C0E-8792-905C4A49BAAD}.Debug|Any CPU.ActiveCfg = Debug|Any CPU
		{5ADC9CB8-B249-4C0E-8792-905C4A49BAAD}.Debug|Any CPU.Build.0 = Debug|Any CPU
		{5ADC9CB8-B249-4C0E-8792-905C4A49BAAD}.Release|Any CPU.ActiveCfg = Release|Any CPU
		{5ADC9CB8-B249-4C0E-8792-905C4A49BAAD}.Release|Any CPU.Build.0 = Release|Any CPU
	EndGlobalSection
	GlobalSection(SolutionProperties) = preSolution
		HideSolutionNode = FALSE
	EndGlobalSection
	GlobalSection(ExtensibilityGlobals) = postSolution
		SolutionGuid = {4ED735CA-98EC-4BB5-B73C-CC3ED36F5B63}
	EndGlobalSection
EndGlobal
